
Microsoft Visual Studio Solution File, Format Version 12.00
# Visual Studio 15
Project("{FAE04EC0-301F-11D3-BF4B-00C04F79EFBC}") = "UniRx", "UniRx.csproj", "{3C64B018-D432-1F9B-8125-22F436B5E64D}"
EndProject
Project("{FAE04EC0-301F-11D3-BF4B-00C04F79EFBC}") = "Assembly-CSharp", "Assembly-CSharp.csproj", "{8E21E670-060C-E263-6019-3AF1B6DBDA18}"
EndProject
Project("{FAE04EC0-301F-11D3-BF4B-00C04F79EFBC}") = "UniRx.Examples", "UniRx.Examples.csproj", "{52F0BA32-445D-AD01-DE56-A9519C376421}"
EndProject
Global
	GlobalSection(SolutionConfigurationPlatforms) = preSolution
		Debug|Any CPU = Debug|Any CPU
		Release|Any CPU = Release|Any CPU
	EndGlobalSection
	GlobalSection(ProjectConfigurationPlatforms) = postSolution
		{3C64B018-D432-1F9B-8125-22F436B5E64D}.Debug|Any CPU.ActiveCfg = Debug|Any CPU
		{3C64B018-D432-1F9B-8125-22F436B5E64D}.Debug|Any CPU.Build.0 = Debug|Any CPU
		{3C64B018-D432-1F9B-8125-22F436B5E64D}.Release|Any CPU.ActiveCfg = Release|Any CPU
		{3C64B018-D432-1F9B-8125-22F436B5E64D}.Release|Any CPU.Build.0 = Release|Any CPU
		{8E21E670-060C-E263-6019-3AF1B6DBDA18}.Debug|Any CPU.ActiveCfg = Debug|Any CPU
		{8E21E670-060C-E263-6019-3AF1B6DBDA18}.Debug|Any CPU.Build.0 = Debug|Any CPU
		{8E21E670-060C-E263-6019-3AF1B6DBDA18}.Release|Any CPU.ActiveCfg = Release|Any CPU
		{8E21E670-060C-E263-6019-3AF1B6DBDA18}.Release|Any CPU.Build.0 = Release|Any CPU
		{52F0BA32-445D-AD01-DE56-A9519C376421}.Debug|Any CPU.ActiveCfg = Debug|Any CPU
		{52F0BA32-445D-AD01-DE56-A9519C376421}.Debug|Any CPU.Build.0 = Debug|Any CPU
		{52F0BA32-445D-AD01-DE56-A9519C376421}.Release|Any CPU.ActiveCfg = Release|Any CPU
		{52F0BA32-445D-AD01-DE56-A9519C376421}.Release|Any CPU.Build.0 = Release|Any CPU
	EndGlobalSection
	GlobalSection(SolutionProperties) = preSolution
		HideSolutionNode = FALSE
	EndGlobalSection
EndGlobal
